// !$*UTF8*$!
{
	archiveVersion = 1;
	classes = {
	};
	objectVersion = 51;
	objects = {

/* Begin PBXBuildFile section */
		0A7E327F26C992D400DCA250 /* AppDelegate.swift in Sources */ = {isa = PBXBuildFile; fileRef = 0A7E327E26C992D400DCA250 /* AppDelegate.swift */; };
		0A7E328126C992D400DCA250 /* SceneDelegate.swift in Sources */ = {isa = PBXBuildFile; fileRef = 0A7E328026C992D400DCA250 /* SceneDelegate.swift */; };
		0A7E328626C992D400DCA250 /* Main.storyboard in Resources */ = {isa = PBXBuildFile; fileRef = 0A7E328426C992D400DCA250 /* Main.storyboard */; };
		0A7E328826C992D500DCA250 /* Assets.xcassets in Resources */ = {isa = PBXBuildFile; fileRef = 0A7E328726C992D500DCA250 /* Assets.xcassets */; };
		0A7E328B26C992D500DCA250 /* LaunchScreen.storyboard in Resources */ = {isa = PBXBuildFile; fileRef = 0A7E328926C992D500DCA250 /* LaunchScreen.storyboard */; };
		0A7E329626C992D500DCA250 /* ParstagramTests.swift in Sources */ = {isa = PBXBuildFile; fileRef = 0A7E329526C992D500DCA250 /* ParstagramTests.swift */; };
		0A7E32A126C992D500DCA250 /* ParstagramUITests.swift in Sources */ = {isa = PBXBuildFile; fileRef = 0A7E32A026C992D500DCA250 /* ParstagramUITests.swift */; };
		0A7E32AF26C994B800DCA250 /* LoginViewController.swift in Sources */ = {isa = PBXBuildFile; fileRef = 0A7E32AE26C994B800DCA250 /* LoginViewController.swift */; };
		0A7E32B126C994BE00DCA250 /* FeedViewController.swift in Sources */ = {isa = PBXBuildFile; fileRef = 0A7E32B026C994BE00DCA250 /* FeedViewController.swift */; };
		0A7E32B326C9AD7600DCA250 /* CameraViewController.swift in Sources */ = {isa = PBXBuildFile; fileRef = 0A7E32B226C9AD7600DCA250 /* CameraViewController.swift */; };
		0A7E32B526C9B30600DCA250 /* PostCell.swift in Sources */ = {isa = PBXBuildFile; fileRef = 0A7E32B426C9B30600DCA250 /* PostCell.swift */; };
		3D52CA0D15BF084CDE7F93DE /* Pods_ParstagramTests.framework in Frameworks */ = {isa = PBXBuildFile; fileRef = C6E78B7D5CCAB9CACC21AEEE /* Pods_ParstagramTests.framework */; };
		570DBE5C28D9EA276DEA93C1 /* Pods_Parstagram_ParstagramUITests.framework in Frameworks */ = {isa = PBXBuildFile; fileRef = 0774BC3B8F5D6BC17697BAB7 /* Pods_Parstagram_ParstagramUITests.framework */; };
		A466DD523B91E2E5F4DE220F /* Pods_Parstagram.framework in Frameworks */ = {isa = PBXBuildFile; fileRef = 22873486B8F9179D3E58BA74 /* Pods_Parstagram.framework */; };
/* End PBXBuildFile section */

/* Begin PBXContainerItemProxy section */
		0A7E329226C992D500DCA250 /* PBXContainerItemProxy */ = {
			isa = PBXContainerItemProxy;
			containerPortal = 0A7E327326C992D300DCA250 /* Project object */;
			proxyType = 1;
			remoteGlobalIDString = 0A7E327A26C992D300DCA250;
			remoteInfo = Parstagram;
		};
		0A7E329D26C992D500DCA250 /* PBXContainerItemProxy */ = {
			isa = PBXContainerItemProxy;
			containerPortal = 0A7E327326C992D300DCA250 /* Project object */;
			proxyType = 1;
			remoteGlobalIDString = 0A7E327A26C992D300DCA250;
			remoteInfo = Parstagram;
		};
/* End PBXContainerItemProxy section */

/* Begin PBXFileReference section */
		02F3A59CE5A47AF45CA96C8C /* Pods-ParstagramTests.release.xcconfig */ = {isa = PBXFileReference; includeInIndex = 1; lastKnownFileType = text.xcconfig; name = "Pods-ParstagramTests.release.xcconfig"; path = "Target Support Files/Pods-ParstagramTests/Pods-ParstagramTests.release.xcconfig"; sourceTree = "<group>"; };
		0774BC3B8F5D6BC17697BAB7 /* Pods_Parstagram_ParstagramUITests.framework */ = {isa = PBXFileReference; explicitFileType = wrapper.framework; includeInIndex = 0; path = Pods_Parstagram_ParstagramUITests.framework; sourceTree = BUILT_PRODUCTS_DIR; };
		0A7E327B26C992D300DCA250 /* Parstagram.app */ = {isa = PBXFileReference; explicitFileType = wrapper.application; includeInIndex = 0; path = Parstagram.app; sourceTree = BUILT_PRODUCTS_DIR; };
		0A7E327E26C992D400DCA250 /* AppDelegate.swift */ = {isa = PBXFileReference; lastKnownFileType = sourcecode.swift; path = AppDelegate.swift; sourceTree = "<group>"; };
		0A7E328026C992D400DCA250 /* SceneDelegate.swift */ = {isa = PBXFileReference; lastKnownFileType = sourcecode.swift; path = SceneDelegate.swift; sourceTree = "<group>"; };
		0A7E328526C992D400DCA250 /* Base */ = {isa = PBXFileReference; lastKnownFileType = file.storyboard; name = Base; path = Base.lproj/Main.storyboard; sourceTree = "<group>"; };
		0A7E328726C992D500DCA250 /* Assets.xcassets */ = {isa = PBXFileReference; lastKnownFileType = folder.assetcatalog; path = Assets.xcassets; sourceTree = "<group>"; };
		0A7E328A26C992D500DCA250 /* Base */ = {isa = PBXFileReference; lastKnownFileType = file.storyboard; name = Base; path = Base.lproj/LaunchScreen.storyboard; sourceTree = "<group>"; };
		0A7E328C26C992D500DCA250 /* Info.plist */ = {isa = PBXFileReference; lastKnownFileType = text.plist.xml; path = Info.plist; sourceTree = "<group>"; };
		0A7E329126C992D500DCA250 /* ParstagramTests.xctest */ = {isa = PBXFileReference; explicitFileType = wrapper.cfbundle; includeInIndex = 0; path = ParstagramTests.xctest; sourceTree = BUILT_PRODUCTS_DIR; };
		0A7E329526C992D500DCA250 /* ParstagramTests.swift */ = {isa = PBXFileReference; lastKnownFileType = sourcecode.swift; path = ParstagramTests.swift; sourceTree = "<group>"; };
		0A7E329726C992D500DCA250 /* Info.plist */ = {isa = PBXFileReference; lastKnownFileType = text.plist.xml; path = Info.plist; sourceTree = "<group>"; };
		0A7E329C26C992D500DCA250 /* ParstagramUITests.xctest */ = {isa = PBXFileReference; explicitFileType = wrapper.cfbundle; includeInIndex = 0; path = ParstagramUITests.xctest; sourceTree = BUILT_PRODUCTS_DIR; };
		0A7E32A026C992D500DCA250 /* ParstagramUITests.swift */ = {isa = PBXFileReference; lastKnownFileType = sourcecode.swift; path = ParstagramUITests.swift; sourceTree = "<group>"; };
		0A7E32A226C992D500DCA250 /* Info.plist */ = {isa = PBXFileReference; lastKnownFileType = text.plist.xml; path = Info.plist; sourceTree = "<group>"; };
		0A7E32AE26C994B800DCA250 /* LoginViewController.swift */ = {isa = PBXFileReference; lastKnownFileType = sourcecode.swift; path = LoginViewController.swift; sourceTree = "<group>"; };
		0A7E32B026C994BE00DCA250 /* FeedViewController.swift */ = {isa = PBXFileReference; lastKnownFileType = sourcecode.swift; path = FeedViewController.swift; sourceTree = "<group>"; };
		0A7E32B226C9AD7600DCA250 /* CameraViewController.swift */ = {isa = PBXFileReference; lastKnownFileType = sourcecode.swift; path = CameraViewController.swift; sourceTree = "<group>"; };
		0A7E32B426C9B30600DCA250 /* PostCell.swift */ = {isa = PBXFileReference; lastKnownFileType = sourcecode.swift; path = PostCell.swift; sourceTree = "<group>"; };
		0F0A849FC5CBD5382B9D57D3 /* Pods-Parstagram-ParstagramUITests.release.xcconfig */ = {isa = PBXFileReference; includeInIndex = 1; lastKnownFileType = text.xcconfig; name = "Pods-Parstagram-ParstagramUITests.release.xcconfig"; path = "Target Support Files/Pods-Parstagram-ParstagramUITests/Pods-Parstagram-ParstagramUITests.release.xcconfig"; sourceTree = "<group>"; };
		10CDEA51EA431DB76DB5441F /* Pods-ParstagramTests.debug.xcconfig */ = {isa = PBXFileReference; includeInIndex = 1; lastKnownFileType = text.xcconfig; name = "Pods-ParstagramTests.debug.xcconfig"; path = "Target Support Files/Pods-ParstagramTests/Pods-ParstagramTests.debug.xcconfig"; sourceTree = "<group>"; };
		22873486B8F9179D3E58BA74 /* Pods_Parstagram.framework */ = {isa = PBXFileReference; explicitFileType = wrapper.framework; includeInIndex = 0; path = Pods_Parstagram.framework; sourceTree = BUILT_PRODUCTS_DIR; };
		2E4A5510753CFEDDFEA807B1 /* Pods-Parstagram.release.xcconfig */ = {isa = PBXFileReference; includeInIndex = 1; lastKnownFileType = text.xcconfig; name = "Pods-Parstagram.release.xcconfig"; path = "Target Support Files/Pods-Parstagram/Pods-Parstagram.release.xcconfig"; sourceTree = "<group>"; };
		A84067104EBEF7A5E08661D9 /* Pods-Parstagram-ParstagramUITests.debug.xcconfig */ = {isa = PBXFileReference; includeInIndex = 1; lastKnownFileType = text.xcconfig; name = "Pods-Parstagram-ParstagramUITests.debug.xcconfig"; path = "Target Support Files/Pods-Parstagram-ParstagramUITests/Pods-Parstagram-ParstagramUITests.debug.xcconfig"; sourceTree = "<group>"; };
		B8E54EF48ACA84C67184EEFF /* Pods-Parstagram.debug.xcconfig */ = {isa = PBXFileReference; includeInIndex = 1; lastKnownFileType = text.xcconfig; name = "Pods-Parstagram.debug.xcconfig"; path = "Target Support Files/Pods-Parstagram/Pods-Parstagram.debug.xcconfig"; sourceTree = "<group>"; };
		C6E78B7D5CCAB9CACC21AEEE /* Pods_ParstagramTests.framework */ = {isa = PBXFileReference; explicitFileType = wrapper.framework; includeInIndex = 0; path = Pods_ParstagramTests.framework; sourceTree = BUILT_PRODUCTS_DIR; };
/* End PBXFileReference section */

/* Begin PBXFrameworksBuildPhase section */
		0A7E327826C992D300DCA250 /* Frameworks */ = {
			isa = PBXFrameworksBuildPhase;
			buildActionMask = 2147483647;
			files = (
				A466DD523B91E2E5F4DE220F /* Pods_Parstagram.framework in Frameworks */,
			);
			runOnlyForDeploymentPostprocessing = 0;
		};
		0A7E328E26C992D500DCA250 /* Frameworks */ = {
			isa = PBXFrameworksBuildPhase;
			buildActionMask = 2147483647;
			files = (
				3D52CA0D15BF084CDE7F93DE /* Pods_ParstagramTests.framework in Frameworks */,
			);
			runOnlyForDeploymentPostprocessing = 0;
		};
		0A7E329926C992D500DCA250 /* Frameworks */ = {
			isa = PBXFrameworksBuildPhase;
			buildActionMask = 2147483647;
			files = (
				570DBE5C28D9EA276DEA93C1 /* Pods_Parstagram_ParstagramUITests.framework in Frameworks */,
			);
			runOnlyForDeploymentPostprocessing = 0;
		};
/* End PBXFrameworksBuildPhase section */

/* Begin PBXGroup section */
		0A7E327226C992D300DCA250 = {
			isa = PBXGroup;
			children = (
				0A7E327D26C992D300DCA250 /* Parstagram */,
				0A7E329426C992D500DCA250 /* ParstagramTests */,
				0A7E329F26C992D500DCA250 /* ParstagramUITests */,
				0A7E327C26C992D300DCA250 /* Products */,
				FF63B140B35FB55DC4A4E8CD /* Pods */,
				44721912B722E295F6234A16 /* Frameworks */,
			);
			sourceTree = "<group>";
		};
		0A7E327C26C992D300DCA250 /* Products */ = {
			isa = PBXGroup;
			children = (
				0A7E327B26C992D300DCA250 /* Parstagram.app */,
				0A7E329126C992D500DCA250 /* ParstagramTests.xctest */,
				0A7E329C26C992D500DCA250 /* ParstagramUITests.xctest */,
			);
			name = Products;
			sourceTree = "<group>";
		};
		0A7E327D26C992D300DCA250 /* Parstagram */ = {
			isa = PBXGroup;
			children = (
				0A7E327E26C992D400DCA250 /* AppDelegate.swift */,
				0A7E328026C992D400DCA250 /* SceneDelegate.swift */,
				0A7E328426C992D400DCA250 /* Main.storyboard */,
				0A7E32B426C9B30600DCA250 /* PostCell.swift */,
				0A7E32B226C9AD7600DCA250 /* CameraViewController.swift */,
				0A7E32AE26C994B800DCA250 /* LoginViewController.swift */,
				0A7E32B026C994BE00DCA250 /* FeedViewController.swift */,
				0A7E328726C992D500DCA250 /* Assets.xcassets */,
				0A7E328926C992D500DCA250 /* LaunchScreen.storyboard */,
				0A7E328C26C992D500DCA250 /* Info.plist */,
			);
			path = Parstagram;
			sourceTree = "<group>";
		};
		0A7E329426C992D500DCA250 /* ParstagramTests */ = {
			isa = PBXGroup;
			children = (
				0A7E329526C992D500DCA250 /* ParstagramTests.swift */,
				0A7E329726C992D500DCA250 /* Info.plist */,
			);
			path = ParstagramTests;
			sourceTree = "<group>";
		};
		0A7E329F26C992D500DCA250 /* ParstagramUITests */ = {
			isa = PBXGroup;
			children = (
				0A7E32A026C992D500DCA250 /* ParstagramUITests.swift */,
				0A7E32A226C992D500DCA250 /* Info.plist */,
			);
			path = ParstagramUITests;
			sourceTree = "<group>";
		};
		44721912B722E295F6234A16 /* Frameworks */ = {
			isa = PBXGroup;
			children = (
				22873486B8F9179D3E58BA74 /* Pods_Parstagram.framework */,
				0774BC3B8F5D6BC17697BAB7 /* Pods_Parstagram_ParstagramUITests.framework */,
				C6E78B7D5CCAB9CACC21AEEE /* Pods_ParstagramTests.framework */,
			);
			name = Frameworks;
			sourceTree = "<group>";
		};
		FF63B140B35FB55DC4A4E8CD /* Pods */ = {
			isa = PBXGroup;
			children = (
				B8E54EF48ACA84C67184EEFF /* Pods-Parstagram.debug.xcconfig */,
				2E4A5510753CFEDDFEA807B1 /* Pods-Parstagram.release.xcconfig */,
				A84067104EBEF7A5E08661D9 /* Pods-Parstagram-ParstagramUITests.debug.xcconfig */,
				0F0A849FC5CBD5382B9D57D3 /* Pods-Parstagram-ParstagramUITests.release.xcconfig */,
				10CDEA51EA431DB76DB5441F /* Pods-ParstagramTests.debug.xcconfig */,
				02F3A59CE5A47AF45CA96C8C /* Pods-ParstagramTests.release.xcconfig */,
			);
			path = Pods;
			sourceTree = "<group>";
		};
/* End PBXGroup section */

/* Begin PBXNativeTarget section */
		0A7E327A26C992D300DCA250 /* Parstagram */ = {
			isa = PBXNativeTarget;
			buildConfigurationList = 0A7E32A526C992D500DCA250 /* Build configuration list for PBXNativeTarget "Parstagram" */;
			buildPhases = (
				4F4735E21ECAAC06991546B2 /* [CP] Check Pods Manifest.lock */,
				0A7E327726C992D300DCA250 /* Sources */,
				0A7E327826C992D300DCA250 /* Frameworks */,
				0A7E327926C992D300DCA250 /* Resources */,
				8FCF4309D26B0851611821CE /* [CP] Embed Pods Frameworks */,
			);
			buildRules = (
			);
			dependencies = (
			);
			name = Parstagram;
			productName = Parstagram;
			productReference = 0A7E327B26C992D300DCA250 /* Parstagram.app */;
			productType = "com.apple.product-type.application";
		};
		0A7E329026C992D500DCA250 /* ParstagramTests */ = {
			isa = PBXNativeTarget;
			buildConfigurationList = 0A7E32A826C992D500DCA250 /* Build configuration list for PBXNativeTarget "ParstagramTests" */;
			buildPhases = (
				A6746364722C0078466CC008 /* [CP] Check Pods Manifest.lock */,
				0A7E328D26C992D500DCA250 /* Sources */,
				0A7E328E26C992D500DCA250 /* Frameworks */,
				0A7E328F26C992D500DCA250 /* Resources */,
			);
			buildRules = (
			);
			dependencies = (
				0A7E329326C992D500DCA250 /* PBXTargetDependency */,
			);
			name = ParstagramTests;
			productName = ParstagramTests;
			productReference = 0A7E329126C992D500DCA250 /* ParstagramTests.xctest */;
			productType = "com.apple.product-type.bundle.unit-test";
		};
		0A7E329B26C992D500DCA250 /* ParstagramUITests */ = {
			isa = PBXNativeTarget;
			buildConfigurationList = 0A7E32AB26C992D500DCA250 /* Build configuration list for PBXNativeTarget "ParstagramUITests" */;
			buildPhases = (
				A587E27DA1E4248CDE6580AF /* [CP] Check Pods Manifest.lock */,
				0A7E329826C992D500DCA250 /* Sources */,
				0A7E329926C992D500DCA250 /* Frameworks */,
				0A7E329A26C992D500DCA250 /* Resources */,
				EC72DCB26FC67B0E8D2B231E /* [CP] Embed Pods Frameworks */,
			);
			buildRules = (
			);
			dependencies = (
				0A7E329E26C992D500DCA250 /* PBXTargetDependency */,
			);
			name = ParstagramUITests;
			productName = ParstagramUITests;
			productReference = 0A7E329C26C992D500DCA250 /* ParstagramUITests.xctest */;
			productType = "com.apple.product-type.bundle.ui-testing";
		};
/* End PBXNativeTarget section */

/* Begin PBXProject section */
		0A7E327326C992D300DCA250 /* Project object */ = {
			isa = PBXProject;
			attributes = {
				LastSwiftUpdateCheck = 1250;
				LastUpgradeCheck = 1250;
				TargetAttributes = {
					0A7E327A26C992D300DCA250 = {
						CreatedOnToolsVersion = 12.5.1;
					};
					0A7E329026C992D500DCA250 = {
						CreatedOnToolsVersion = 12.5.1;
						TestTargetID = 0A7E327A26C992D300DCA250;
					};
					0A7E329B26C992D500DCA250 = {
						CreatedOnToolsVersion = 12.5.1;
						TestTargetID = 0A7E327A26C992D300DCA250;
					};
				};
			};
			buildConfigurationList = 0A7E327626C992D300DCA250 /* Build configuration list for PBXProject "Parstagram" */;
			compatibilityVersion = "Xcode 9.3";
			developmentRegion = en;
			hasScannedForEncodings = 0;
			knownRegions = (
				en,
				Base,
			);
			mainGroup = 0A7E327226C992D300DCA250;
			productRefGroup = 0A7E327C26C992D300DCA250 /* Products */;
			projectDirPath = "";
			projectRoot = "";
			targets = (
				0A7E327A26C992D300DCA250 /* Parstagram */,
				0A7E329026C992D500DCA250 /* ParstagramTests */,
				0A7E329B26C992D500DCA250 /* ParstagramUITests */,
			);
		};
/* End PBXProject section */

/* Begin PBXResourcesBuildPhase section */
		0A7E327926C992D300DCA250 /* Resources */ = {
			isa = PBXResourcesBuildPhase;
			buildActionMask = 2147483647;
			files = (
				0A7E328B26C992D500DCA250 /* LaunchScreen.storyboard in Resources */,
				0A7E328826C992D500DCA250 /* Assets.xcassets in Resources */,
				0A7E328626C992D400DCA250 /* Main.storyboard in Resources */,
			);
			runOnlyForDeploymentPostprocessing = 0;
		};
		0A7E328F26C992D500DCA250 /* Resources */ = {
			isa = PBXResourcesBuildPhase;
			buildActionMask = 2147483647;
			files = (
			);
			runOnlyForDeploymentPostprocessing = 0;
		};
		0A7E329A26C992D500DCA250 /* Resources */ = {
			isa = PBXResourcesBuildPhase;
			buildActionMask = 2147483647;
			files = (
			);
			runOnlyForDeploymentPostprocessing = 0;
		};
/* End PBXResourcesBuildPhase section */

/* Begin PBXShellScriptBuildPhase section */
		4F4735E21ECAAC06991546B2 /* [CP] Check Pods Manifest.lock */ = {
			isa = PBXShellScriptBuildPhase;
			buildActionMask = 2147483647;
			files = (
			);
			inputFileListPaths = (
			);
			inputPaths = (
				"${PODS_PODFILE_DIR_PATH}/Podfile.lock",
				"${PODS_ROOT}/Manifest.lock",
			);
			name = "[CP] Check Pods Manifest.lock";
			outputFileListPaths = (
			);
			outputPaths = (
				"$(DERIVED_FILE_DIR)/Pods-Parstagram-checkManifestLockResult.txt",
			);
			runOnlyForDeploymentPostprocessing = 0;
			shellPath = /bin/sh;
			shellScript = "diff \"${PODS_PODFILE_DIR_PATH}/Podfile.lock\" \"${PODS_ROOT}/Manifest.lock\" > /dev/null\nif [ $? != 0 ] ; then\n    # print error to STDERR\n    echo \"error: The sandbox is not in sync with the Podfile.lock. Run 'pod install' or update your CocoaPods installation.\" >&2\n    exit 1\nfi\n# This output is used by Xcode 'outputs' to avoid re-running this script phase.\necho \"SUCCESS\" > \"${SCRIPT_OUTPUT_FILE_0}\"\n";
			showEnvVarsInLog = 0;
		};
		8FCF4309D26B0851611821CE /* [CP] Embed Pods Frameworks */ = {
			isa = PBXShellScriptBuildPhase;
			buildActionMask = 2147483647;
			files = (
			);
			inputFileListPaths = (
				"${PODS_ROOT}/Target Support Files/Pods-Parstagram/Pods-Parstagram-frameworks-${CONFIGURATION}-input-files.xcfilelist",
			);
			name = "[CP] Embed Pods Frameworks";
			outputFileListPaths = (
				"${PODS_ROOT}/Target Support Files/Pods-Parstagram/Pods-Parstagram-frameworks-${CONFIGURATION}-output-files.xcfilelist",
			);
			runOnlyForDeploymentPostprocessing = 0;
			shellPath = /bin/sh;
			shellScript = "\"${PODS_ROOT}/Target Support Files/Pods-Parstagram/Pods-Parstagram-frameworks.sh\"\n";
			showEnvVarsInLog = 0;
		};
		A587E27DA1E4248CDE6580AF /* [CP] Check Pods Manifest.lock */ = {
			isa = PBXShellScriptBuildPhase;
			buildActionMask = 2147483647;
			files = (
			);
			inputFileListPaths = (
			);
			inputPaths = (
				"${PODS_PODFILE_DIR_PATH}/Podfile.lock",
				"${PODS_ROOT}/Manifest.lock",
			);
			name = "[CP] Check Pods Manifest.lock";
			outputFileListPaths = (
			);
			outputPaths = (
				"$(DERIVED_FILE_DIR)/Pods-Parstagram-ParstagramUITests-checkManifestLockResult.txt",
			);
			runOnlyForDeploymentPostprocessing = 0;
			shellPath = /bin/sh;
			shellScript = "diff \"${PODS_PODFILE_DIR_PATH}/Podfile.lock\" \"${PODS_ROOT}/Manifest.lock\" > /dev/null\nif [ $? != 0 ] ; then\n    # print error to STDERR\n    echo \"error: The sandbox is not in sync with the Podfile.lock. Run 'pod install' or update your CocoaPods installation.\" >&2\n    exit 1\nfi\n# This output is used by Xcode 'outputs' to avoid re-running this script phase.\necho \"SUCCESS\" > \"${SCRIPT_OUTPUT_FILE_0}\"\n";
			showEnvVarsInLog = 0;
		};
		A6746364722C0078466CC008 /* [CP] Check Pods Manifest.lock */ = {
			isa = PBXShellScriptBuildPhase;
			buildActionMask = 2147483647;
			files = (
			);
			inputFileListPaths = (
			);
			inputPaths = (
				"${PODS_PODFILE_DIR_PATH}/Podfile.lock",
				"${PODS_ROOT}/Manifest.lock",
			);
			name = "[CP] Check Pods Manifest.lock";
			outputFileListPaths = (
			);
			outputPaths = (
				"$(DERIVED_FILE_DIR)/Pods-ParstagramTests-checkManifestLockResult.txt",
			);
			runOnlyForDeploymentPostprocessing = 0;
			shellPath = /bin/sh;
			shellScript = "diff \"${PODS_PODFILE_DIR_PATH}/Podfile.lock\" \"${PODS_ROOT}/Manifest.lock\" > /dev/null\nif [ $? != 0 ] ; then\n    # print error to STDERR\n    echo \"error: The sandbox is not in sync with the Podfile.lock. Run 'pod install' or update your CocoaPods installation.\" >&2\n    exit 1\nfi\n# This output is used by Xcode 'outputs' to avoid re-running this script phase.\necho \"SUCCESS\" > \"${SCRIPT_OUTPUT_FILE_0}\"\n";
			showEnvVarsInLog = 0;
		};
		EC72DCB26FC67B0E8D2B231E /* [CP] Embed Pods Frameworks */ = {
			isa = PBXShellScriptBuildPhase;
			buildActionMask = 2147483647;
			files = (
			);
			inputFileListPaths = (
				"${PODS_ROOT}/Target Support Files/Pods-Parstagram-ParstagramUITests/Pods-Parstagram-ParstagramUITests-frameworks-${CONFIGURATION}-input-files.xcfilelist",
			);
			name = "[CP] Embed Pods Frameworks";
			outputFileListPaths = (
				"${PODS_ROOT}/Target Support Files/Pods-Parstagram-ParstagramUITests/Pods-Parstagram-ParstagramUITests-frameworks-${CONFIGURATION}-output-files.xcfilelist",
			);
			runOnlyForDeploymentPostprocessing = 0;
			shellPath = /bin/sh;
			shellScript = "\"${PODS_ROOT}/Target Support Files/Pods-Parstagram-ParstagramUITests/Pods-Parstagram-ParstagramUITests-frameworks.sh\"\n";
			showEnvVarsInLog = 0;
		};
/* End PBXShellScriptBuildPhase section */

/* Begin PBXSourcesBuildPhase section */
		0A7E327726C992D300DCA250 /* Sources */ = {
			isa = PBXSourcesBuildPhase;
			buildActionMask = 2147483647;
			files = (
				0A7E32AF26C994B800DCA250 /* LoginViewController.swift in Sources */,
				0A7E32B326C9AD7600DCA250 /* CameraViewController.swift in Sources */,
				0A7E327F26C992D400DCA250 /* AppDelegate.swift in Sources */,
				0A7E32B126C994BE00DCA250 /* FeedViewController.swift in Sources */,
				0A7E328126C992D400DCA250 /* SceneDelegate.swift in Sources */,
				0A7E32B526C9B30600DCA250 /* PostCell.swift in Sources */,
			);
			runOnlyForDeploymentPostprocessing = 0;
		};
		0A7E328D26C992D500DCA250 /* Sources */ = {
			isa = PBXSourcesBuildPhase;
			buildActionMask = 2147483647;
			files = (
				0A7E329626C992D500DCA250 /* ParstagramTests.swift in Sources */,
			);
			runOnlyForDeploymentPostprocessing = 0;
		};
		0A7E329826C992D500DCA250 /* Sources */ = {
			isa = PBXSourcesBuildPhase;
			buildActionMask = 2147483647;
			files = (
				0A7E32A126C992D500DCA250 /* ParstagramUITests.swift in Sources */,
			);
			runOnlyForDeploymentPostprocessing = 0;
		};
/* End PBXSourcesBuildPhase section */

/* Begin PBXTargetDependency section */
		0A7E329326C992D500DCA250 /* PBXTargetDependency */ = {
			isa = PBXTargetDependency;
			target = 0A7E327A26C992D300DCA250 /* Parstagram */;
			targetProxy = 0A7E329226C992D500DCA250 /* PBXContainerItemProxy */;
		};
		0A7E329E26C992D500DCA250 /* PBXTargetDependency */ = {
			isa = PBXTargetDependency;
			target = 0A7E327A26C992D300DCA250 /* Parstagram */;
			targetProxy = 0A7E329D26C992D500DCA250 /* PBXContainerItemProxy */;
		};
/* End PBXTargetDependency section */

/* Begin PBXVariantGroup section */
		0A7E328426C992D400DCA250 /* Main.storyboard */ = {
			isa = PBXVariantGroup;
			children = (
				0A7E328526C992D400DCA250 /* Base */,
			);
			name = Main.storyboard;
			sourceTree = "<group>";
		};
		0A7E328926C992D500DCA250 /* LaunchScreen.storyboard */ = {
			isa = PBXVariantGroup;
			children = (
				0A7E328A26C992D500DCA250 /* Base */,
			);
			name = LaunchScreen.storyboard;
			sourceTree = "<group>";
		};
/* End PBXVariantGroup section */

/* Begin XCBuildConfiguration section */
		0A7E32A326C992D500DCA250 /* Debug */ = {
			isa = XCBuildConfiguration;
			buildSettings = {
				ALWAYS_SEARCH_USER_PATHS = NO;
				CLANG_ANALYZER_NONNULL = YES;
				CLANG_ANALYZER_NUMBER_OBJECT_CONVERSION = YES_AGGRESSIVE;
				CLANG_CXX_LANGUAGE_STANDARD = "gnu++14";
				CLANG_CXX_LIBRARY = "libc++";
				CLANG_ENABLE_MODULES = YES;
				CLANG_ENABLE_OBJC_ARC = YES;
				CLANG_ENABLE_OBJC_WEAK = YES;
				CLANG_WARN_BLOCK_CAPTURE_AUTORELEASING = YES;
				CLANG_WARN_BOOL_CONVERSION = YES;
				CLANG_WARN_COMMA = YES;
				CLANG_WARN_CONSTANT_CONVERSION = YES;
				CLANG_WARN_DEPRECATED_OBJC_IMPLEMENTATIONS = YES;
				CLANG_WARN_DIRECT_OBJC_ISA_USAGE = YES_ERROR;
				CLANG_WARN_DOCUMENTATION_COMMENTS = YES;
				CLANG_WARN_EMPTY_BODY = YES;
				CLANG_WARN_ENUM_CONVERSION = YES;
				CLANG_WARN_INFINITE_RECURSION = YES;
				CLANG_WARN_INT_CONVERSION = YES;
				CLANG_WARN_NON_LITERAL_NULL_CONVERSION = YES;
				CLANG_WARN_OBJC_IMPLICIT_RETAIN_SELF = YES;
				CLANG_WARN_OBJC_LITERAL_CONVERSION = YES;
				CLANG_WARN_OBJC_ROOT_CLASS = YES_ERROR;
				CLANG_WARN_QUOTED_INCLUDE_IN_FRAMEWORK_HEADER = YES;
				CLANG_WARN_RANGE_LOOP_ANALYSIS = YES;
				CLANG_WARN_STRICT_PROTOTYPES = YES;
				CLANG_WARN_SUSPICIOUS_MOVE = YES;
				CLANG_WARN_UNGUARDED_AVAILABILITY = YES_AGGRESSIVE;
				CLANG_WARN_UNREACHABLE_CODE = YES;
				CLANG_WARN__DUPLICATE_METHOD_MATCH = YES;
				COPY_PHASE_STRIP = NO;
				DEBUG_INFORMATION_FORMAT = dwarf;
				ENABLE_STRICT_OBJC_MSGSEND = YES;
				ENABLE_TESTABILITY = YES;
				GCC_C_LANGUAGE_STANDARD = gnu11;
				GCC_DYNAMIC_NO_PIC = NO;
				GCC_NO_COMMON_BLOCKS = YES;
				GCC_OPTIMIZATION_LEVEL = 0;
				GCC_PREPROCESSOR_DEFINITIONS = (
					"DEBUG=1",
					"$(inherited)",
				);
				GCC_WARN_64_TO_32_BIT_CONVERSION = YES;
				GCC_WARN_ABOUT_RETURN_TYPE = YES_ERROR;
				GCC_WARN_UNDECLARED_SELECTOR = YES;
				GCC_WARN_UNINITIALIZED_AUTOS = YES_AGGRESSIVE;
				GCC_WARN_UNUSED_FUNCTION = YES;
				GCC_WARN_UNUSED_VARIABLE = YES;
				IPHONEOS_DEPLOYMENT_TARGET = 14.0;
				MTL_ENABLE_DEBUG_INFO = INCLUDE_SOURCE;
				MTL_FAST_MATH = YES;
				ONLY_ACTIVE_ARCH = YES;
				SDKROOT = iphoneos;
				SWIFT_ACTIVE_COMPILATION_CONDITIONS = DEBUG;
				SWIFT_OPTIMIZATION_LEVEL = "-Onone";
			};
			name = Debug;
		};
		0A7E32A426C992D500DCA250 /* Release */ = {
			isa = XCBuildConfiguration;
			buildSettings = {
				ALWAYS_SEARCH_USER_PATHS = NO;
				CLANG_ANALYZER_NONNULL = YES;
				CLANG_ANALYZER_NUMBER_OBJECT_CONVERSION = YES_AGGRESSIVE;
				CLANG_CXX_LANGUAGE_STANDARD = "gnu++14";
				CLANG_CXX_LIBRARY = "libc++";
				CLANG_ENABLE_MODULES = YES;
				CLANG_ENABLE_OBJC_ARC = YES;
				CLANG_ENABLE_OBJC_WEAK = YES;
				CLANG_WARN_BLOCK_CAPTURE_AUTORELEASING = YES;
				CLANG_WARN_BOOL_CONVERSION = YES;
				CLANG_WARN_COMMA = YES;
				CLANG_WARN_CONSTANT_CONVERSION = YES;
				CLANG_WARN_DEPRECATED_OBJC_IMPLEMENTATIONS = YES;
				CLANG_WARN_DIRECT_OBJC_ISA_USAGE = YES_ERROR;
				CLANG_WARN_DOCUMENTATION_COMMENTS = YES;
				CLANG_WARN_EMPTY_BODY = YES;
				CLANG_WARN_ENUM_CONVERSION = YES;
				CLANG_WARN_INFINITE_RECURSION = YES;
				CLANG_WARN_INT_CONVERSION = YES;
				CLANG_WARN_NON_LITERAL_NULL_CONVERSION = YES;
				CLANG_WARN_OBJC_IMPLICIT_RETAIN_SELF = YES;
				CLANG_WARN_OBJC_LITERAL_CONVERSION = YES;
				CLANG_WARN_OBJC_ROOT_CLASS = YES_ERROR;
				CLANG_WARN_QUOTED_INCLUDE_IN_FRAMEWORK_HEADER = YES;
				CLANG_WARN_RANGE_LOOP_ANALYSIS = YES;
				CLANG_WARN_STRICT_PROTOTYPES = YES;
				CLANG_WARN_SUSPICIOUS_MOVE = YES;
				CLANG_WARN_UNGUARDED_AVAILABILITY = YES_AGGRESSIVE;
				CLANG_WARN_UNREACHABLE_CODE = YES;
				CLANG_WARN__DUPLICATE_METHOD_MATCH = YES;
				COPY_PHASE_STRIP = NO;
				DEBUG_INFORMATION_FORMAT = "dwarf-with-dsym";
				ENABLE_NS_ASSERTIONS = NO;
				ENABLE_STRICT_OBJC_MSGSEND = YES;
				GCC_C_LANGUAGE_STANDARD = gnu11;
				GCC_NO_COMMON_BLOCKS = YES;
				GCC_WARN_64_TO_32_BIT_CONVERSION = YES;
				GCC_WARN_ABOUT_RETURN_TYPE = YES_ERROR;
				GCC_WARN_UNDECLARED_SELECTOR = YES;
				GCC_WARN_UNINITIALIZED_AUTOS = YES_AGGRESSIVE;
				GCC_WARN_UNUSED_FUNCTION = YES;
				GCC_WARN_UNUSED_VARIABLE = YES;
				IPHONEOS_DEPLOYMENT_TARGET = 14.0;
				MTL_ENABLE_DEBUG_INFO = NO;
				MTL_FAST_MATH = YES;
				SDKROOT = iphoneos;
				SWIFT_COMPILATION_MODE = wholemodule;
				SWIFT_OPTIMIZATION_LEVEL = "-O";
				VALIDATE_PRODUCT = YES;
			};
			name = Release;
		};
		0A7E32A626C992D500DCA250 /* Debug */ = {
			isa = XCBuildConfiguration;
			baseConfigurationReference = B8E54EF48ACA84C67184EEFF /* Pods-Parstagram.debug.xcconfig */;
			buildSettings = {
				ASSETCATALOG_COMPILER_APPICON_NAME = AppIcon;
				ASSETCATALOG_COMPILER_GLOBAL_ACCENT_COLOR_NAME = AccentColor;
				CODE_SIGN_STYLE = Automatic;
				DEVELOPMENT_TEAM = 2VRMBVK7FZ;
				INFOPLIST_FILE = Parstagram/Info.plist;
				LD_RUNPATH_SEARCH_PATHS = (
					"$(inherited)",
					"@executable_path/Frameworks",
				);
				PRODUCT_BUNDLE_IDENTIFIER = com.justinschwartz.Parstagram;
				PRODUCT_NAME = "$(TARGET_NAME)";
				SWIFT_VERSION = 5.0;
				TARGETED_DEVICE_FAMILY = "1,2";
			};
			name = Debug;
		};
		0A7E32A726C992D500DCA250 /* Release */ = {
			isa = XCBuildConfiguration;
			baseConfigurationReference = 2E4A5510753CFEDDFEA807B1 /* Pods-Parstagram.release.xcconfig */;
			buildSettings = {
				ASSETCATALOG_COMPILER_APPICON_NAME = AppIcon;
				ASSETCATALOG_COMPILER_GLOBAL_ACCENT_COLOR_NAME = AccentColor;
				CODE_SIGN_STYLE = Automatic;
				DEVELOPMENT_TEAM = 2VRMBVK7FZ;
				INFOPLIST_FILE = Parstagram/Info.plist;
				LD_RUNPATH_SEARCH_PATHS = (
					"$(inherited)",
					"@executable_path/Frameworks",
				);
				PRODUCT_BUNDLE_IDENTIFIER = com.justinschwartz.Parstagram;
				PRODUCT_NAME = "$(TARGET_NAME)";
				SWIFT_VERSION = 5.0;
				TARGETED_DEVICE_FAMILY = "1,2";
			};
			name = Release;
		};
		0A7E32A926C992D500DCA250 /* Debug */ = {
			isa = XCBuildConfiguration;
			baseConfigurationReference = 10CDEA51EA431DB76DB5441F /* Pods-ParstagramTests.debug.xcconfig */;
			buildSettings = {
				ALWAYS_EMBED_SWIFT_STANDARD_LIBRARIES = YES;
				BUNDLE_LOADER = "$(TEST_HOST)";
				CODE_SIGN_STYLE = Automatic;
				DEVELOPMENT_TEAM = 2VRMBVK7FZ;
				INFOPLIST_FILE = ParstagramTests/Info.plist;
				IPHONEOS_DEPLOYMENT_TARGET = 14.5;
				LD_RUNPATH_SEARCH_PATHS = (
					"$(inherited)",
					"@executable_path/Frameworks",
					"@loader_path/Frameworks",
				);
				PRODUCT_BUNDLE_IDENTIFIER = com.justinschwartz.ParstagramTests;
				PRODUCT_NAME = "$(TARGET_NAME)";
				SWIFT_VERSION = 5.0;
				TARGETED_DEVICE_FAMILY = "1,2";
				TEST_HOST = "$(BUILT_PRODUCTS_DIR)/Parstagram.app/Parstagram";
			};
			name = Debug;
		};
		0A7E32AA26C992D500DCA250 /* Release */ = {
			isa = XCBuildConfiguration;
			baseConfigurationReference = 02F3A59CE5A47AF45CA96C8C /* Pods-ParstagramTests.release.xcconfig */;
			buildSettings = {
				ALWAYS_EMBED_SWIFT_STANDARD_LIBRARIES = YES;
				BUNDLE_LOADER = "$(TEST_HOST)";
				CODE_SIGN_STYLE = Automatic;
				DEVELOPMENT_TEAM = 2VRMBVK7FZ;
				INFOPLIST_FILE = ParstagramTests/Info.plist;
				IPHONEOS_DEPLOYMENT_TARGET = 14.5;
				LD_RUNPATH_SEARCH_PATHS = (
					"$(inherited)",
					"@executable_path/Frameworks",
					"@loader_path/Frameworks",
				);
				PRODUCT_BUNDLE_IDENTIFIER = com.justinschwartz.ParstagramTests;
				PRODUCT_NAME = "$(TARGET_NAME)";
				SWIFT_VERSION = 5.0;
				TARGETED_DEVICE_FAMILY = "1,2";
				TEST_HOST = "$(BUILT_PRODUCTS_DIR)/Parstagram.app/Parstagram";
			};
			name = Release;
		};
		0A7E32AC26C992D500DCA250 /* Debug */ = {
			isa = XCBuildConfiguration;
			baseConfigurationReference = A84067104EBEF7A5E08661D9 /* Pods-Parstagram-ParstagramUITests.debug.xcconfig */;
			buildSettings = {
				ALWAYS_EMBED_SWIFT_STANDARD_LIBRARIES = YES;
				CODE_SIGN_STYLE = Automatic;
				DEVELOPMENT_TEAM = 2VRMBVK7FZ;
				INFOPLIST_FILE = ParstagramUITests/Info.plist;
				LD_RUNPATH_SEARCH_PATHS = (
					"$(inherited)",
					"@executable_path/Frameworks",
					"@loader_path/Frameworks",
				);
				PRODUCT_BUNDLE_IDENTIFIER = com.justinschwartz.ParstagramUITests;
				PRODUCT_NAME = "$(TARGET_NAME)";
				SWIFT_VERSION = 5.0;
				TARGETED_DEVICE_FAMILY = "1,2";
				TEST_TARGET_NAME = Parstagram;
			};
			name = Debug;
		};
		0A7E32AD26C992D500DCA250 /* Release */ = {
			isa = XCBuildConfiguration;
			baseConfigurationReference = 0F0A849FC5CBD5382B9D57D3 /* Pods-Parstagram-ParstagramUITests.release.xcconfig */;
			buildSettings = {
				ALWAYS_EMBED_SWIFT_STANDARD_LIBRARIES = YES;
				CODE_SIGN_STYLE = Automatic;
				DEVELOPMENT_TEAM = 2VRMBVK7FZ;
				INFOPLIST_FILE = ParstagramUITests/Info.plist;
				LD_RUNPATH_SEARCH_PATHS = (
					"$(inherited)",
					"@executable_path/Frameworks",
					"@loader_path/Frameworks",
				);
				PRODUCT_BUNDLE_IDENTIFIER = com.justinschwartz.ParstagramUITests;
				PRODUCT_NAME = "$(TARGET_NAME)";
				SWIFT_VERSION = 5.0;
				TARGETED_DEVICE_FAMILY = "1,2";
				TEST_TARGET_NAME = Parstagram;
			};
			name = Release;
		};
/* End XCBuildConfiguration section */

/* Begin XCConfigurationList section */
		0A7E327626C992D300DCA250 /* Build configuration list for PBXProject "Parstagram" */ = {
			isa = XCConfigurationList;
			buildConfigurations = (
				0A7E32A326C992D500DCA250 /* Debug */,
				0A7E32A426C992D500DCA250 /* Release */,
			);
			defaultConfigurationIsVisible = 0;
			defaultConfigurationName = Release;
		};
		0A7E32A526C992D500DCA250 /* Build configuration list for PBXNativeTarget "Parstagram" */ = {
			isa = XCConfigurationList;
			buildConfigurations = (
				0A7E32A626C992D500DCA250 /* Debug */,
				0A7E32A726C992D500DCA250 /* Release */,
			);
			defaultConfigurationIsVisible = 0;
			defaultConfigurationName = Release;
		};
		0A7E32A826C992D500DCA250 /* Build configuration list for PBXNativeTarget "ParstagramTests" */ = {
			isa = XCConfigurationList;
			buildConfigurations = (
				0A7E32A926C992D500DCA250 /* Debug */,
				0A7E32AA26C992D500DCA250 /* Release */,
			);
			defaultConfigurationIsVisible = 0;
			defaultConfigurationName = Release;
		};
		0A7E32AB26C992D500DCA250 /* Build configuration list for PBXNativeTarget "ParstagramUITests" */ = {
			isa = XCConfigurationList;
			buildConfigurations = (
				0A7E32AC26C992D500DCA250 /* Debug */,
				0A7E32AD26C992D500DCA250 /* Release */,
			);
			defaultConfigurationIsVisible = 0;
			defaultConfigurationName = Release;
		};
/* End XCConfigurationList section */
	};
	rootObject = 0A7E327326C992D300DCA250 /* Project object */;
}
